
Microsoft Visual Studio Solution File, Format Version 12.00
# Visual Studio 2012
Project("{2150E333-8FDC-42A3-9474-1A3956D46DE8}") = "include", "include", "{93FB1705-4D12-4F14-969A-2B79BBB409C4}"
	ProjectSection(SolutionItems) = preProject
		Include\camellia.h = Include\camellia.h
	EndProjectSection
EndProject
Project("{8BC9CEB8-8B4A-11D0-8D11-00A0C91BC942}") = "H1EUSB_SampleApp", "H1EUSB_SampleApp\H1EUSB_SampleApp.vcxproj", "{A41FF9A4-310A-46B8-ABD0-3386F94BCDAA}"
EndProject
Project("{8BC9CEB8-8B4A-11D0-8D11-00A0C91BC942}") = "H2E_SampleApp", "H2E_SampleApp\H2E_SampleApp.vcxproj", "{C73CCCB9-CE15-488D-B131-11977F2086B0}"
EndProject
Global
	GlobalSection(SolutionConfigurationPlatforms) = preSolution
		Debug|Win32 = Debug|Win32
		Release|Win32 = Release|Win32
	EndGlobalSection
	GlobalSection(ProjectConfigurationPlatforms) = postSolution
		{A41FF9A4-310A-46B8-ABD0-3386F94BCDAA}.Debug|Win32.ActiveCfg = Debug|Win32
		{A41FF9A4-310A-46B8-ABD0-3386F94BCDAA}.Debug|Win32.Build.0 = Debug|Win32
		{A41FF9A4-310A-46B8-ABD0-3386F94BCDAA}.Release|Win32.ActiveCfg = Release|Win32
		{A41FF9A4-310A-46B8-ABD0-3386F94BCDAA}.Release|Win32.Build.0 = Release|Win32
		{C73CCCB9-CE15-488D-B131-11977F2086B0}.Debug|Win32.ActiveCfg = Debug|Win32
		{C73CCCB9-CE15-488D-B131-11977F2086B0}.Debug|Win32.Build.0 = Debug|Win32
		{C73CCCB9-CE15-488D-B131-11977F2086B0}.Release|Win32.ActiveCfg = Release|Win32
		{C73CCCB9-CE15-488D-B131-11977F2086B0}.Release|Win32.Build.0 = Release|Win32
	EndGlobalSection
	GlobalSection(SolutionProperties) = preSolution
		HideSolutionNode = FALSE
	EndGlobalSection
EndGlobal
